{
  "name": "sfx-view",
  "version": "0.0.0",
  "lockfileVersion": 1,
  "requires": true,
  "dependencies": {
    "@types/webpack-env": {
      "version": "1.13.9",
      "resolved": "https://registry.npmjs.org/@types/webpack-env/-/webpack-env-1.13.9.tgz",
      "integrity": "sha512-p8zp5xqkly3g4cCmo2mKOHI9+Z/kObmDj0BmjbDDJQlgDTiEGTbm17MEwTAusV6XceCy+bNw9q/ZHXHyKo3zkg==",
      "dev": true
    }
  }
}
